// !$*UTF8*$!
{
	archiveVersion = 1;
	classes = {
	};
	objectVersion = 50;
	objects = {

/* Begin PBXBuildFile section */
		84227881256DED6C009106AE /* AppDelegate.swift in Sources */ = {isa = PBXBuildFile; fileRef = 84227880256DED6C009106AE /* AppDelegate.swift */; };
		84227883256DED6C009106AE /* SceneDelegate.swift in Sources */ = {isa = PBXBuildFile; fileRef = 84227882256DED6C009106AE /* SceneDelegate.swift */; };
		84227885256DED6C009106AE /* ViewController.swift in Sources */ = {isa = PBXBuildFile; fileRef = 84227884256DED6C009106AE /* ViewController.swift */; };
		84227888256DED6C009106AE /* Main.storyboard in Resources */ = {isa = PBXBuildFile; fileRef = 84227886256DED6C009106AE /* Main.storyboard */; };
		8422788A256DED6D009106AE /* Assets.xcassets in Resources */ = {isa = PBXBuildFile; fileRef = 84227889256DED6D009106AE /* Assets.xcassets */; };
		8422788D256DED6D009106AE /* LaunchScreen.storyboard in Resources */ = {isa = PBXBuildFile; fileRef = 8422788B256DED6D009106AE /* LaunchScreen.storyboard */; };
		84227896256DEDB7009106AE /* LabelCell.swift in Sources */ = {isa = PBXBuildFile; fileRef = 84227895256DEDB7009106AE /* LabelCell.swift */; };
		84227899256DFB53009106AE /* HeaderView.swift in Sources */ = {isa = PBXBuildFile; fileRef = 84227898256DFB53009106AE /* HeaderView.swift */; };
/* End PBXBuildFile section */

/* Begin PBXFileReference section */
		8422787D256DED6C009106AE /* Nested-Orthogonal-Scrolling.app */ = {isa = PBXFileReference; explicitFileType = wrapper.application; includeInIndex = 0; path = "Nested-Orthogonal-Scrolling.app"; sourceTree = BUILT_PRODUCTS_DIR; };
		84227880256DED6C009106AE /* AppDelegate.swift */ = {isa = PBXFileReference; lastKnownFileType = sourcecode.swift; path = AppDelegate.swift; sourceTree = "<group>"; };
		84227882256DED6C009106AE /* SceneDelegate.swift */ = {isa = PBXFileReference; lastKnownFileType = sourcecode.swift; path = SceneDelegate.swift; sourceTree = "<group>"; };
		84227884256DED6C009106AE /* ViewController.swift */ = {isa = PBXFileReference; lastKnownFileType = sourcecode.swift; path = ViewController.swift; sourceTree = "<group>"; };
		84227887256DED6C009106AE /* Base */ = {isa = PBXFileReference; lastKnownFileType = file.storyboard; name = Base; path = Base.lproj/Main.storyboard; sourceTree = "<group>"; };
		84227889256DED6D009106AE /* Assets.xcassets */ = {isa = PBXFileReference; lastKnownFileType = folder.assetcatalog; path = Assets.xcassets; sourceTree = "<group>"; };
		8422788C256DED6D009106AE /* Base */ = {isa = PBXFileReference; lastKnownFileType = file.storyboard; name = Base; path = Base.lproj/LaunchScreen.storyboard; sourceTree = "<group>"; };
		8422788E256DED6D009106AE /* Info.plist */ = {isa = PBXFileReference; lastKnownFileType = text.plist.xml; path = Info.plist; sourceTree = "<group>"; };
		84227895256DEDB7009106AE /* LabelCell.swift */ = {isa = PBXFileReference; lastKnownFileType = sourcecode.swift; path = LabelCell.swift; sourceTree = "<group>"; };
		84227898256DFB53009106AE /* HeaderView.swift */ = {isa = PBXFileReference; lastKnownFileType = sourcecode.swift; path = HeaderView.swift; sourceTree = "<group>"; };
/* End PBXFileReference section */

/* Begin PBXFrameworksBuildPhase section */
		8422787A256DED6C009106AE /* Frameworks */ = {
			isa = PBXFrameworksBuildPhase;
			buildActionMask = 2147483647;
			files = (
			);
			runOnlyForDeploymentPostprocessing = 0;
		};
/* End PBXFrameworksBuildPhase section */

/* Begin PBXGroup section */
		84227874256DED6C009106AE = {
			isa = PBXGroup;
			children = (
				8422787F256DED6C009106AE /* Nested-Orthogonal-Scrolling */,
				8422787E256DED6C009106AE /* Products */,
			);
			sourceTree = "<group>";
		};
		8422787E256DED6C009106AE /* Products */ = {
			isa = PBXGroup;
			children = (
				8422787D256DED6C009106AE /* Nested-Orthogonal-Scrolling.app */,
			);
			name = Products;
			sourceTree = "<group>";
		};
		8422787F256DED6C009106AE /* Nested-Orthogonal-Scrolling */ = {
			isa = PBXGroup;
			children = (
				84227880256DED6C009106AE /* AppDelegate.swift */,
				84227882256DED6C009106AE /* SceneDelegate.swift */,
				84227884256DED6C009106AE /* ViewController.swift */,
				84227898256DFB53009106AE /* HeaderView.swift */,
				84227895256DEDB7009106AE /* LabelCell.swift */,
				84227886256DED6C009106AE /* Main.storyboard */,
				84227889256DED6D009106AE /* Assets.xcassets */,
				8422788B256DED6D009106AE /* LaunchScreen.storyboard */,
				8422788E256DED6D009106AE /* Info.plist */,
			);
			path = "Nested-Orthogonal-Scrolling";
			sourceTree = "<group>";
		};
/* End PBXGroup section */

/* Begin PBXNativeTarget section */
		8422787C256DED6C009106AE /* Nested-Orthogonal-Scrolling */ = {
			isa = PBXNativeTarget;
			buildConfigurationList = 84227891256DED6D009106AE /* Build configuration list for PBXNativeTarget "Nested-Orthogonal-Scrolling" */;
			buildPhases = (
				84227879256DED6C009106AE /* Sources */,
				8422787A256DED6C009106AE /* Frameworks */,
				8422787B256DED6C009106AE /* Resources */,
			);
			buildRules = (
			);
			dependencies = (
			);
			name = "Nested-Orthogonal-Scrolling";
			productName = "Nested-Orthogonal-Scrolling";
			productReference = 8422787D256DED6C009106AE /* Nested-Orthogonal-Scrolling.app */;
			productType = "com.apple.product-type.application";
		};
/* End PBXNativeTarget section */

/* Begin PBXProject section */
		84227875256DED6C009106AE /* Project object */ = {
			isa = PBXProject;
			attributes = {
				LastSwiftUpdateCheck = 1210;
				LastUpgradeCheck = 1210;
				TargetAttributes = {
					8422787C256DED6C009106AE = {
						CreatedOnToolsVersion = 12.1;
					};
				};
			};
			buildConfigurationList = 84227878256DED6C009106AE /* Build configuration list for PBXProject "Nested-Orthogonal-Scrolling" */;
			compatibilityVersion = "Xcode 9.3";
			developmentRegion = en;
			hasScannedForEncodings = 0;
			knownRegions = (
				en,
				Base,
			);
			mainGroup = 84227874256DED6C009106AE;
			productRefGroup = 8422787E256DED6C009106AE /* Products */;
			projectDirPath = "";
			projectRoot = "";
			targets = (
				8422787C256DED6C009106AE /* Nested-Orthogonal-Scrolling */,
			);
		};
/* End PBXProject section */

/* Begin PBXResourcesBuildPhase section */
		8422787B256DED6C009106AE /* Resources */ = {
			isa = PBXResourcesBuildPhase;
			buildActionMask = 2147483647;
			files = (
				8422788D256DED6D009106AE /* LaunchScreen.storyboard in Resources */,
				8422788A256DED6D009106AE /* Assets.xcassets in Resources */,
				84227888256DED6C009106AE /* Main.storyboard in Resources */,
			);
			runOnlyForDeploymentPostprocessing = 0;
		};
/* End PBXResourcesBuildPhase section */

/* Begin PBXSourcesBuildPhase section */
		84227879256DED6C009106AE /* Sources */ = {
			isa = PBXSourcesBuildPhase;
			buildActionMask = 2147483647;
			files = (
				84227899256DFB53009106AE /* HeaderView.swift in Sources */,
				84227885256DED6C009106AE /* ViewController.swift in Sources */,
				84227881256DED6C009106AE /* AppDelegate.swift in Sources */,
				84227896256DEDB7009106AE /* LabelCell.swift in Sources */,
				84227883256DED6C009106AE /* SceneDelegate.swift in Sources */,
			);
			runOnlyForDeploymentPostprocessing = 0;
		};
/* End PBXSourcesBuildPhase section */

/* Begin PBXVariantGroup section */
		84227886256DED6C009106AE /* Main.storyboard */ = {
			isa = PBXVariantGroup;
			children = (
				84227887256DED6C009106AE /* Base */,
			);
			name = Main.storyboard;
			sourceTree = "<group>";
		};
		8422788B256DED6D009106AE /* LaunchScreen.storyboard */ = {
			isa = PBXVariantGroup;
			children = (
				8422788C256DED6D009106AE /* Base */,
			);
			name = LaunchScreen.storyboard;
			sourceTree = "<group>";
		};
/* End PBXVariantGroup section */

/* Begin XCBuildConfiguration section */
		8422788F256DED6D009106AE /* Debug */ = {
			isa = XCBuildConfiguration;
			buildSettings = {
				ALWAYS_SEARCH_USER_PATHS = NO;
				CLANG_ANALYZER_NONNULL = YES;
				CLANG_ANALYZER_NUMBER_OBJECT_CONVERSION = YES_AGGRESSIVE;
				CLANG_CXX_LANGUAGE_STANDARD = "gnu++14";
				CLANG_CXX_LIBRARY = "libc++";
				CLANG_ENABLE_MODULES = YES;
				CLANG_ENABLE_OBJC_ARC = YES;
				CLANG_ENABLE_OBJC_WEAK = YES;
				CLANG_WARN_BLOCK_CAPTURE_AUTORELEASING = YES;
				CLANG_WARN_BOOL_CONVERSION = YES;
				CLANG_WARN_COMMA = YES;
				CLANG_WARN_CONSTANT_CONVERSION = YES;
				CLANG_WARN_DEPRECATED_OBJC_IMPLEMENTATIONS = YES;
				CLANG_WARN_DIRECT_OBJC_ISA_USAGE = YES_ERROR;
				CLANG_WARN_DOCUMENTATION_COMMENTS = YES;
				CLANG_WARN_EMPTY_BODY = YES;
				CLANG_WARN_ENUM_CONVERSION = YES;
				CLANG_WARN_INFINITE_RECURSION = YES;
				CLANG_WARN_INT_CONVERSION = YES;
				CLANG_WARN_NON_LITERAL_NULL_CONVERSION = YES;
				CLANG_WARN_OBJC_IMPLICIT_RETAIN_SELF = YES;
				CLANG_WARN_OBJC_LITERAL_CONVERSION = YES;
				CLANG_WARN_OBJC_ROOT_CLASS = YES_ERROR;
				CLANG_WARN_QUOTED_INCLUDE_IN_FRAMEWORK_HEADER = YES;
				CLANG_WARN_RANGE_LOOP_ANALYSIS = YES;
				CLANG_WARN_STRICT_PROTOTYPES = YES;
				CLANG_WARN_SUSPICIOUS_MOVE = YES;
				CLANG_WARN_UNGUARDED_AVAILABILITY = YES_AGGRESSIVE;
				CLANG_WARN_UNREACHABLE_CODE = YES;
				CLANG_WARN__DUPLICATE_METHOD_MATCH = YES;
				COPY_PHASE_STRIP = NO;
				DEBUG_INFORMATION_FORMAT = dwarf;
				ENABLE_STRICT_OBJC_MSGSEND = YES;
				ENABLE_TESTABILITY = YES;
				GCC_C_LANGUAGE_STANDARD = gnu11;
				GCC_DYNAMIC_NO_PIC = NO;
				GCC_NO_COMMON_BLOCKS = YES;
				GCC_OPTIMIZATION_LEVEL = 0;
				GCC_PREPROCESSOR_DEFINITIONS = (
					"DEBUG=1",
					"$(inherited)",
				);
				GCC_WARN_64_TO_32_BIT_CONVERSION = YES;
				GCC_WARN_ABOUT_RETURN_TYPE = YES_ERROR;
				GCC_WARN_UNDECLARED_SELECTOR = YES;
				GCC_WARN_UNINITIALIZED_AUTOS = YES_AGGRESSIVE;
				GCC_WARN_UNUSED_FUNCTION = YES;
				GCC_WARN_UNUSED_VARIABLE = YES;
				IPHONEOS_DEPLOYMENT_TARGET = 14.1;
				MTL_ENABLE_DEBUG_INFO = INCLUDE_SOURCE;
				MTL_FAST_MATH = YES;
				ONLY_ACTIVE_ARCH = YES;
				SDKROOT = iphoneos;
				SWIFT_ACTIVE_COMPILATION_CONDITIONS = DEBUG;
				SWIFT_OPTIMIZATION_LEVEL = "-Onone";
			};
			name = Debug;
		};
		84227890256DED6D009106AE /* Release */ = {
			isa = XCBuildConfiguration;
			buildSettings = {
				ALWAYS_SEARCH_USER_PATHS = NO;
				CLANG_ANALYZER_NONNULL = YES;
				CLANG_ANALYZER_NUMBER_OBJECT_CONVERSION = YES_AGGRESSIVE;
				CLANG_CXX_LANGUAGE_STANDARD = "gnu++14";
				CLANG_CXX_LIBRARY = "libc++";
				CLANG_ENABLE_MODULES = YES;
				CLANG_ENABLE_OBJC_ARC = YES;
				CLANG_ENABLE_OBJC_WEAK = YES;
				CLANG_WARN_BLOCK_CAPTURE_AUTORELEASING = YES;
				CLANG_WARN_BOOL_CONVERSION = YES;
				CLANG_WARN_COMMA = YES;
				CLANG_WARN_CONSTANT_CONVERSION = YES;
				CLANG_WARN_DEPRECATED_OBJC_IMPLEMENTATIONS = YES;
				CLANG_WARN_DIRECT_OBJC_ISA_USAGE = YES_ERROR;
				CLANG_WARN_DOCUMENTATION_COMMENTS = YES;
				CLANG_WARN_EMPTY_BODY = YES;
				CLANG_WARN_ENUM_CONVERSION = YES;
				CLANG_WARN_INFINITE_RECURSION = YES;
				CLANG_WARN_INT_CONVERSION = YES;
				CLANG_WARN_NON_LITERAL_NULL_CONVERSION = YES;
				CLANG_WARN_OBJC_IMPLICIT_RETAIN_SELF = YES;
				CLANG_WARN_OBJC_LITERAL_CONVERSION = YES;
				CLANG_WARN_OBJC_ROOT_CLASS = YES_ERROR;
				CLANG_WARN_QUOTED_INCLUDE_IN_FRAMEWORK_HEADER = YES;
				CLANG_WARN_RANGE_LOOP_ANALYSIS = YES;
				CLANG_WARN_STRICT_PROTOTYPES = YES;
				CLANG_WARN_SUSPICIOUS_MOVE = YES;
				CLANG_WARN_UNGUARDED_AVAILABILITY = YES_AGGRESSIVE;
				CLANG_WARN_UNREACHABLE_CODE = YES;
				CLANG_WARN__DUPLICATE_METHOD_MATCH = YES;
				COPY_PHASE_STRIP = NO;
				DEBUG_INFORMATION_FORMAT = "dwarf-with-dsym";
				ENABLE_NS_ASSERTIONS = NO;
				ENABLE_STRICT_OBJC_MSGSEND = YES;
				GCC_C_LANGUAGE_STANDARD = gnu11;
				GCC_NO_COMMON_BLOCKS = YES;
				GCC_WARN_64_TO_32_BIT_CONVERSION = YES;
				GCC_WARN_ABOUT_RETURN_TYPE = YES_ERROR;
				GCC_WARN_UNDECLARED_SELECTOR = YES;
				GCC_WARN_UNINITIALIZED_AUTOS = YES_AGGRESSIVE;
				GCC_WARN_UNUSED_FUNCTION = YES;
				GCC_WARN_UNUSED_VARIABLE = YES;
				IPHONEOS_DEPLOYMENT_TARGET = 14.1;
				MTL_ENABLE_DEBUG_INFO = NO;
				MTL_FAST_MATH = YES;
				SDKROOT = iphoneos;
				SWIFT_COMPILATION_MODE = wholemodule;
				SWIFT_OPTIMIZATION_LEVEL = "-O";
				VALIDATE_PRODUCT = YES;
			};
			name = Release;
		};
		84227892256DED6D009106AE /* Debug */ = {
			isa = XCBuildConfiguration;
			buildSettings = {
				ASSETCATALOG_COMPILER_APPICON_NAME = AppIcon;
				ASSETCATALOG_COMPILER_GLOBAL_ACCENT_COLOR_NAME = AccentColor;
				CODE_SIGN_STYLE = Automatic;
				DEVELOPMENT_TEAM = 83DYP84L8W;
				INFOPLIST_FILE = "Nested-Orthogonal-Scrolling/Info.plist";
				LD_RUNPATH_SEARCH_PATHS = (
					"$(inherited)",
					"@executable_path/Frameworks",
				);
				PRODUCT_BUNDLE_IDENTIFIER = "Tsering-Lama.Nested-Orthogonal-Scrolling";
				PRODUCT_NAME = "$(TARGET_NAME)";
				SWIFT_VERSION = 5.0;
				TARGETED_DEVICE_FAMILY = "1,2";
			};
			name = Debug;
		};
		84227893256DED6D009106AE /* Release */ = {
			isa = XCBuildConfiguration;
			buildSettings = {
				ASSETCATALOG_COMPILER_APPICON_NAME = AppIcon;
				ASSETCATALOG_COMPILER_GLOBAL_ACCENT_COLOR_NAME = AccentColor;
				CODE_SIGN_STYLE = Automatic;
				DEVELOPMENT_TEAM = 83DYP84L8W;
				INFOPLIST_FILE = "Nested-Orthogonal-Scrolling/Info.plist";
				LD_RUNPATH_SEARCH_PATHS = (
					"$(inherited)",
					"@executable_path/Frameworks",
				);
				PRODUCT_BUNDLE_IDENTIFIER = "Tsering-Lama.Nested-Orthogonal-Scrolling";
				PRODUCT_NAME = "$(TARGET_NAME)";
				SWIFT_VERSION = 5.0;
				TARGETED_DEVICE_FAMILY = "1,2";
			};
			name = Release;
		};
/* End XCBuildConfiguration section */

/* Begin XCConfigurationList section */
		84227878256DED6C009106AE /* Build configuration list for PBXProject "Nested-Orthogonal-Scrolling" */ = {
			isa = XCConfigurationList;
			buildConfigurations = (
				8422788F256DED6D009106AE /* Debug */,
				84227890256DED6D009106AE /* Release */,
			);
			defaultConfigurationIsVisible = 0;
			defaultConfigurationName = Release;
		};
		84227891256DED6D009106AE /* Build configuration list for PBXNativeTarget "Nested-Orthogonal-Scrolling" */ = {
			isa = XCConfigurationList;
			buildConfigurations = (
				84227892256DED6D009106AE /* Debug */,
				84227893256DED6D009106AE /* Release */,
			);
			defaultConfigurationIsVisible = 0;
			defaultConfigurationName = Release;
		};
/* End XCConfigurationList section */
	};
	rootObject = 84227875256DED6C009106AE /* Project object */;
}
